
Microsoft Visual Studio Solution File, Format Version 12.00
# Visual Studio 15
VisualStudioVersion = 15.0.25807.0
MinimumVisualStudioVersion = 10.0.40219.1
Project("{2150E333-8FDC-42A3-9474-1A3956D46DE8}") = "Engine", "Engine", "{7F0B045D-DCC6-466A-95F7-893D5ED892EF}"
EndProject
Project("{2150E333-8FDC-42A3-9474-1A3956D46DE8}") = "Games", "Games", "{C4EFEDA6-DDB1-4808-82ED-37D625990476}"
EndProject
Project("{8BC9CEB8-8B4A-11D0-8D11-00A0C91BC942}") = "UE4", "Intermediate\ProjectFiles\UE4.vcxproj", "{4840E62B-08C1-4D57-BFB8-4B7569F6564B}"
EndProject
Project("{8BC9CEB8-8B4A-11D0-8D11-00A0C91BC942}") = "Vaqueros", "Intermediate\ProjectFiles\Vaqueros.vcxproj", "{3AC12F77-271C-4452-8A6B-7C9D1C59AB99}"
EndProject
Project("{2150E333-8FDC-42A3-9474-1A3956D46DE8}") = "Visualizers", "Visualizers", "{0BC52B76-7057-4E7E-9BB5-E10457716B80}"
	ProjectSection(SolutionItems) = preProject
		C:\Program Files\Epic Games\UE_4.21\Engine\Extras\VisualStudioDebugging\UE4.natvis = C:\Program Files\Epic Games\UE_4.21\Engine\Extras\VisualStudioDebugging\UE4.natvis
	EndProjectSection
EndProject
Global
	GlobalSection(SolutionConfigurationPlatforms) = preSolution
		DebugGame Editor|HTML5 = DebugGame Editor|HTML5
		DebugGame Editor|Win32 = DebugGame Editor|Win32
		DebugGame Editor|Win64 = DebugGame Editor|Win64
		DebugGame|HTML5 = DebugGame|HTML5
		DebugGame|Win32 = DebugGame|Win32
		DebugGame|Win64 = DebugGame|Win64
		Development Editor|HTML5 = Development Editor|HTML5
		Development Editor|Win32 = Development Editor|Win32
		Development Editor|Win64 = Development Editor|Win64
		Development|HTML5 = Development|HTML5
		Development|Win32 = Development|Win32
		Development|Win64 = Development|Win64
		Shipping|HTML5 = Shipping|HTML5
		Shipping|Win32 = Shipping|Win32
		Shipping|Win64 = Shipping|Win64
	EndGlobalSection
	GlobalSection(ProjectConfigurationPlatforms) = postSolution
		{4840E62B-08C1-4D57-BFB8-4B7569F6564B}.DebugGame Editor|HTML5.ActiveCfg = BuiltWithUnrealBuildTool|Win32
		{4840E62B-08C1-4D57-BFB8-4B7569F6564B}.DebugGame Editor|Win32.ActiveCfg = BuiltWithUnrealBuildTool|Win32
		{4840E62B-08C1-4D57-BFB8-4B7569F6564B}.DebugGame Editor|Win64.ActiveCfg = BuiltWithUnrealBuildTool|Win32
		{4840E62B-08C1-4D57-BFB8-4B7569F6564B}.DebugGame|HTML5.ActiveCfg = BuiltWithUnrealBuildTool|Win32
		{4840E62B-08C1-4D57-BFB8-4B7569F6564B}.DebugGame|Win32.ActiveCfg = BuiltWithUnrealBuildTool|Win32
		{4840E62B-08C1-4D57-BFB8-4B7569F6564B}.DebugGame|Win64.ActiveCfg = BuiltWithUnrealBuildTool|Win32
		{4840E62B-08C1-4D57-BFB8-4B7569F6564B}.Development Editor|HTML5.ActiveCfg = BuiltWithUnrealBuildTool|Win32
		{4840E62B-08C1-4D57-BFB8-4B7569F6564B}.Development Editor|Win32.ActiveCfg = BuiltWithUnrealBuildTool|Win32
		{4840E62B-08C1-4D57-BFB8-4B7569F6564B}.Development Editor|Win64.ActiveCfg = BuiltWithUnrealBuildTool|Win32
		{4840E62B-08C1-4D57-BFB8-4B7569F6564B}.Development|HTML5.ActiveCfg = BuiltWithUnrealBuildTool|Win32
		{4840E62B-08C1-4D57-BFB8-4B7569F6564B}.Development|Win32.ActiveCfg = BuiltWithUnrealBuildTool|Win32
		{4840E62B-08C1-4D57-BFB8-4B7569F6564B}.Development|Win64.ActiveCfg = BuiltWithUnrealBuildTool|Win32
		{4840E62B-08C1-4D57-BFB8-4B7569F6564B}.Shipping|HTML5.ActiveCfg = BuiltWithUnrealBuildTool|Win32
		{4840E62B-08C1-4D57-BFB8-4B7569F6564B}.Shipping|Win32.ActiveCfg = BuiltWithUnrealBuildTool|Win32
		{4840E62B-08C1-4D57-BFB8-4B7569F6564B}.Shipping|Win64.ActiveCfg = BuiltWithUnrealBuildTool|Win32
		{3AC12F77-271C-4452-8A6B-7C9D1C59AB99}.DebugGame Editor|HTML5.ActiveCfg = Invalid|Win32
		{3AC12F77-271C-4452-8A6B-7C9D1C59AB99}.DebugGame Editor|Win32.ActiveCfg = Invalid|Win32
		{3AC12F77-271C-4452-8A6B-7C9D1C59AB99}.DebugGame Editor|Win64.ActiveCfg = DebugGame_Editor|x64
		{3AC12F77-271C-4452-8A6B-7C9D1C59AB99}.DebugGame Editor|Win64.Build.0 = DebugGame_Editor|x64
		{3AC12F77-271C-4452-8A6B-7C9D1C59AB99}.DebugGame|HTML5.ActiveCfg = HTML5_DebugGame|Win32
		{3AC12F77-271C-4452-8A6B-7C9D1C59AB99}.DebugGame|HTML5.Build.0 = HTML5_DebugGame|Win32
		{3AC12F77-271C-4452-8A6B-7C9D1C59AB99}.DebugGame|Win32.ActiveCfg = DebugGame|Win32
		{3AC12F77-271C-4452-8A6B-7C9D1C59AB99}.DebugGame|Win32.Build.0 = DebugGame|Win32
		{3AC12F77-271C-4452-8A6B-7C9D1C59AB99}.DebugGame|Win64.ActiveCfg = DebugGame|x64
		{3AC12F77-271C-4452-8A6B-7C9D1C59AB99}.DebugGame|Win64.Build.0 = DebugGame|x64
		{3AC12F77-271C-4452-8A6B-7C9D1C59AB99}.Development Editor|HTML5.ActiveCfg = Invalid|Win32
		{3AC12F77-271C-4452-8A6B-7C9D1C59AB99}.Development Editor|Win32.ActiveCfg = Invalid|Win32
		{3AC12F77-271C-4452-8A6B-7C9D1C59AB99}.Development Editor|Win64.ActiveCfg = Development_Editor|x64
		{3AC12F77-271C-4452-8A6B-7C9D1C59AB99}.Development Editor|Win64.Build.0 = Development_Editor|x64
		{3AC12F77-271C-4452-8A6B-7C9D1C59AB99}.Development|HTML5.ActiveCfg = HTML5_Development|Win32
		{3AC12F77-271C-4452-8A6B-7C9D1C59AB99}.Development|HTML5.Build.0 = HTML5_Development|Win32
		{3AC12F77-271C-4452-8A6B-7C9D1C59AB99}.Development|Win32.ActiveCfg = Development|Win32
		{3AC12F77-271C-4452-8A6B-7C9D1C59AB99}.Development|Win32.Build.0 = Development|Win32
		{3AC12F77-271C-4452-8A6B-7C9D1C59AB99}.Development|Win64.ActiveCfg = Development|x64
		{3AC12F77-271C-4452-8A6B-7C9D1C59AB99}.Development|Win64.Build.0 = Development|x64
		{3AC12F77-271C-4452-8A6B-7C9D1C59AB99}.Shipping|HTML5.ActiveCfg = HTML5_Shipping|Win32
		{3AC12F77-271C-4452-8A6B-7C9D1C59AB99}.Shipping|HTML5.Build.0 = HTML5_Shipping|Win32
		{3AC12F77-271C-4452-8A6B-7C9D1C59AB99}.Shipping|Win32.ActiveCfg = Shipping|Win32
		{3AC12F77-271C-4452-8A6B-7C9D1C59AB99}.Shipping|Win32.Build.0 = Shipping|Win32
		{3AC12F77-271C-4452-8A6B-7C9D1C59AB99}.Shipping|Win64.ActiveCfg = Shipping|x64
		{3AC12F77-271C-4452-8A6B-7C9D1C59AB99}.Shipping|Win64.Build.0 = Shipping|x64
	EndGlobalSection
	GlobalSection(SolutionProperties) = preSolution
		HideSolutionNode = FALSE
	EndGlobalSection
	GlobalSection(NestedProjects) = preSolution
		{4840E62B-08C1-4D57-BFB8-4B7569F6564B} = {7F0B045D-DCC6-466A-95F7-893D5ED892EF}
		{3AC12F77-271C-4452-8A6B-7C9D1C59AB99} = {C4EFEDA6-DDB1-4808-82ED-37D625990476}
	EndGlobalSection
EndGlobal
